
Microsoft Visual Studio Solution File, Format Version 12.00
# Visual Studio 15
VisualStudioVersion = 15.0.27703.2000
MinimumVisualStudioVersion = 10.0.40219.1
Project("{FAE04EC0-301F-11D3-BF4B-00C04F79EFBC}") = "Entities", "Entities\Entities.csproj", "{4D59940D-360F-4580-AEA6-6D79B89C4F19}"
EndProject
Project("{FAE04EC0-301F-11D3-BF4B-00C04F79EFBC}") = "DataAccessLayer", "DataAccessLayer\DataAccessLayer.csproj", "{4087B44D-E9A5-41D5-9922-9475C34E78C9}"
EndProject
Project("{FAE04EC0-301F-11D3-BF4B-00C04F79EFBC}") = "BusinessLayer", "BusinessLayer\BusinessLayer.csproj", "{EBDA9D2D-3810-46A0-BDC1-947F2F3BA73F}"
EndProject
Project("{FAE04EC0-301F-11D3-BF4B-00C04F79EFBC}") = "PresentationLayer", "PresentationLayer\PresentationLayer.csproj", "{9D79237F-11FA-4E0B-9502-DD161405D17E}"
EndProject
Global
	GlobalSection(SolutionConfigurationPlatforms) = preSolution
		Debug|Any CPU = Debug|Any CPU
		Release|Any CPU = Release|Any CPU
	EndGlobalSection
	GlobalSection(ProjectConfigurationPlatforms) = postSolution
		{4D59940D-360F-4580-AEA6-6D79B89C4F19}.Debug|Any CPU.ActiveCfg = Debug|Any CPU
		{4D59940D-360F-4580-AEA6-6D79B89C4F19}.Debug|Any CPU.Build.0 = Debug|Any CPU
		{4D59940D-360F-4580-AEA6-6D79B89C4F19}.Release|Any CPU.ActiveCfg = Release|Any CPU
		{4D59940D-360F-4580-AEA6-6D79B89C4F19}.Release|Any CPU.Build.0 = Release|Any CPU
		{4087B44D-E9A5-41D5-9922-9475C34E78C9}.Debug|Any CPU.ActiveCfg = Debug|Any CPU
		{4087B44D-E9A5-41D5-9922-9475C34E78C9}.Debug|Any CPU.Build.0 = Debug|Any CPU
		{4087B44D-E9A5-41D5-9922-9475C34E78C9}.Release|Any CPU.ActiveCfg = Release|Any CPU
		{4087B44D-E9A5-41D5-9922-9475C34E78C9}.Release|Any CPU.Build.0 = Release|Any CPU
		{EBDA9D2D-3810-46A0-BDC1-947F2F3BA73F}.Debug|Any CPU.ActiveCfg = Debug|Any CPU
		{EBDA9D2D-3810-46A0-BDC1-947F2F3BA73F}.Debug|Any CPU.Build.0 = Debug|Any CPU
		{EBDA9D2D-3810-46A0-BDC1-947F2F3BA73F}.Release|Any CPU.ActiveCfg = Release|Any CPU
		{EBDA9D2D-3810-46A0-BDC1-947F2F3BA73F}.Release|Any CPU.Build.0 = Release|Any CPU
		{9D79237F-11FA-4E0B-9502-DD161405D17E}.Debug|Any CPU.ActiveCfg = Debug|Any CPU
		{9D79237F-11FA-4E0B-9502-DD161405D17E}.Debug|Any CPU.Build.0 = Debug|Any CPU
		{9D79237F-11FA-4E0B-9502-DD161405D17E}.Release|Any CPU.ActiveCfg = Release|Any CPU
		{9D79237F-11FA-4E0B-9502-DD161405D17E}.Release|Any CPU.Build.0 = Release|Any CPU
	EndGlobalSection
	GlobalSection(SolutionProperties) = preSolution
		HideSolutionNode = FALSE
	EndGlobalSection
	GlobalSection(ExtensibilityGlobals) = postSolution
		SolutionGuid = {B65E23A7-7481-4984-979D-F8D300DF7CD4}
	EndGlobalSection
EndGlobal
